
Microsoft Visual Studio Solution File, Format Version 12.00
# Visual Studio Version 16
VisualStudioVersion = 16.0.31727.386
MinimumVisualStudioVersion = 10.0.40219.1
Project("{FAE04EC0-301F-11D3-BF4B-00C04F79EFBC}") = "_0_WAPI_LAYER", "_0_WAPI_LAYER\_0_WAPI_LAYER.csproj", "{E667041B-5CAB-4199-8920-0F8B9B96840D}"
	ProjectSection(ProjectDependencies) = postProject
		{A506D11C-6B4B-4E75-8623-0B568E3470DB} = {A506D11C-6B4B-4E75-8623-0B568E3470DB}
		{304E7A74-56D6-4D9C-92AE-D62E50B7B58A} = {304E7A74-56D6-4D9C-92AE-D62E50B7B58A}
	EndProjectSection
EndProject
Project("{FAE04EC0-301F-11D3-BF4B-00C04F79EFBC}") = "_1_EF_Layer", "_1_EF_Layer\_1_EF_Layer.csproj", "{A506D11C-6B4B-4E75-8623-0B568E3470DB}"
EndProject
Project("{9A19103F-16F7-4668-BE54-9A1E7A4F7556}") = "_2_DTO_Layer", "_2_DTO_Layer\_2_DTO_Layer.csproj", "{304E7A74-56D6-4D9C-92AE-D62E50B7B58A}"
EndProject
Global
	GlobalSection(SolutionConfigurationPlatforms) = preSolution
		Debug|Any CPU = Debug|Any CPU
		Release|Any CPU = Release|Any CPU
	EndGlobalSection
	GlobalSection(ProjectConfigurationPlatforms) = postSolution
		{E667041B-5CAB-4199-8920-0F8B9B96840D}.Debug|Any CPU.ActiveCfg = Debug|Any CPU
		{E667041B-5CAB-4199-8920-0F8B9B96840D}.Debug|Any CPU.Build.0 = Debug|Any CPU
		{E667041B-5CAB-4199-8920-0F8B9B96840D}.Release|Any CPU.ActiveCfg = Release|Any CPU
		{E667041B-5CAB-4199-8920-0F8B9B96840D}.Release|Any CPU.Build.0 = Release|Any CPU
		{A506D11C-6B4B-4E75-8623-0B568E3470DB}.Debug|Any CPU.ActiveCfg = Debug|Any CPU
		{A506D11C-6B4B-4E75-8623-0B568E3470DB}.Debug|Any CPU.Build.0 = Debug|Any CPU
		{A506D11C-6B4B-4E75-8623-0B568E3470DB}.Release|Any CPU.ActiveCfg = Release|Any CPU
		{A506D11C-6B4B-4E75-8623-0B568E3470DB}.Release|Any CPU.Build.0 = Release|Any CPU
		{304E7A74-56D6-4D9C-92AE-D62E50B7B58A}.Debug|Any CPU.ActiveCfg = Debug|Any CPU
		{304E7A74-56D6-4D9C-92AE-D62E50B7B58A}.Debug|Any CPU.Build.0 = Debug|Any CPU
		{304E7A74-56D6-4D9C-92AE-D62E50B7B58A}.Release|Any CPU.ActiveCfg = Release|Any CPU
		{304E7A74-56D6-4D9C-92AE-D62E50B7B58A}.Release|Any CPU.Build.0 = Release|Any CPU
	EndGlobalSection
	GlobalSection(SolutionProperties) = preSolution
		HideSolutionNode = FALSE
	EndGlobalSection
	GlobalSection(ExtensibilityGlobals) = postSolution
		SolutionGuid = {057A22DF-CCD5-4897-A9C8-1FB98E207829}
	EndGlobalSection
EndGlobal
